# THIS IS AN AUTOGENERATED FILE. DO NOT EDIT THIS FILE DIRECTLY.
# yarn lockfile v1


ansi-align@^2.0.0:
  version "2.0.0"
  resolved "https://registry.yarnpkg.com/ansi-align/-/ansi-align-2.0.0.tgz#c36aeccba563b89ceb556f3690f0b1d9e3547f7f"
  dependencies:
    string-width "^2.0.0"

ansi-escapes@^3.0.0:
  version "3.1.0"
  resolved "https://registry.yarnpkg.com/ansi-escapes/-/ansi-escapes-3.1.0.tgz#f73207bb81207d75fd6c83f125af26eea378ca30"

ansi-regex@^3.0.0:
  version "3.0.0"
  resolved "https://registry.yarnpkg.com/ansi-regex/-/ansi-regex-3.0.0.tgz#ed0317c322064f79466c02966bddb605ab37d998"

ansi-styles@^3.2.1:
  version "3.2.1"
  resolved "https://registry.yarnpkg.com/ansi-styles/-/ansi-styles-3.2.1.tgz#41fbb20243e50b12be0f04b8dedbf07520ce841d"
  dependencies:
    color-convert "^1.9.0"

boxen@^1.3.0:
  version "1.3.0"
  resolved "https://registry.yarnpkg.com/boxen/-/boxen-1.3.0.tgz#55c6c39a8ba58d9c61ad22cd877532deb665a20b"
  dependencies:
    ansi-align "^2.0.0"
    camelcase "^4.0.0"
    chalk "^2.0.1"
    cli-boxes "^1.0.0"
    string-width "^2.0.0"
    term-size "^1.2.0"
    widest-line "^2.0.0"

camelcase@^4.0.0:
  version "4.1.0"
  resolved "https://registry.yarnpkg.com/camelcase/-/camelcase-4.1.0.tgz#d545635be1e33c542649c69173e5de6acfae34dd"

chalk@^2.0.0, chalk@^2.0.1, chalk@^2.3.1, chalk@^2.3.2:
  version "2.3.2"
  resolved "https://registry.yarnpkg.com/chalk/-/chalk-2.3.2.tgz#250dc96b07491bfd601e648d66ddf5f60c7a5c65"
  dependencies:
    ansi-styles "^3.2.1"
    escape-string-regexp "^1.0.5"
    supports-color "^5.3.0"

chardet@^0.4.0:
  version "0.4.2"
  resolved "https://registry.yarnpkg.com/chardet/-/chardet-0.4.2.tgz#b5473b33dc97c424e5d98dc87d55d4d8a29c8bf2"

clear@^0.1.0:
  version "0.1.0"
  resolved "https://registry.yarnpkg.com/clear/-/clear-0.1.0.tgz#b81b1e03437a716984fd7ac97c87d73bdfe7048a"

cli-boxes@^1.0.0:
  version "1.0.0"
  resolved "https://registry.yarnpkg.com/cli-boxes/-/cli-boxes-1.0.0.tgz#4fa917c3e59c94a004cd61f8ee509da651687143"

cli-cursor@^2.1.0:
  version "2.1.0"
  resolved "https://registry.yarnpkg.com/cli-cursor/-/cli-cursor-2.1.0.tgz#b35dac376479facc3e94747d41d0d0f5238ffcb5"
  dependencies:
    restore-cursor "^2.0.0"

cli-spinners@^1.1.0:
  version "1.3.1"
  resolved "https://registry.yarnpkg.com/cli-spinners/-/cli-spinners-1.3.1.tgz#002c1990912d0d59580c93bd36c056de99e4259a"

cli-width@^2.0.0:
  version "2.2.0"
  resolved "https://registry.yarnpkg.com/cli-width/-/cli-width-2.2.0.tgz#ff19ede8a9a5e579324147b0c11f0fbcbabed639"

clone@^1.0.2:
  version "1.0.4"
  resolved "https://registry.yarnpkg.com/clone/-/clone-1.0.4.tgz#da309cc263df15994c688ca902179ca3c7cd7c7e"

color-convert@^1.9.0:
  version "1.9.1"
  resolved "https://registry.yarnpkg.com/color-convert/-/color-convert-1.9.1.tgz#c1261107aeb2f294ebffec9ed9ecad529a6097ed"
  dependencies:
    color-name "^1.1.1"

color-name@^1.1.1:
  version "1.1.3"
  resolved "https://registry.yarnpkg.com/color-name/-/color-name-1.1.3.tgz#a7d0558bd89c42f795dd42328f740831ca53bc25"

commander@^2.15.1:
  version "2.15.1"
  resolved "https://registry.yarnpkg.com/commander/-/commander-2.15.1.tgz#df46e867d0fc2aec66a34662b406a9ccafff5b0f"

cross-spawn@^5.0.1:
  version "5.1.0"
  resolved "https://registry.yarnpkg.com/cross-spawn/-/cross-spawn-5.1.0.tgz#e8bd0efee58fcff6f8f94510a0a554bbfa235449"
  dependencies:
    lru-cache "^4.0.1"
    shebang-command "^1.2.0"
    which "^1.2.9"

defaults@^1.0.3:
  version "1.0.3"
  resolved "https://registry.yarnpkg.com/defaults/-/defaults-1.0.3.tgz#c656051e9817d9ff08ed881477f3fe4019f3ef7d"
  dependencies:
    clone "^1.0.2"

escape-string-regexp@^1.0.5:
  version "1.0.5"
  resolved "https://registry.yarnpkg.com/escape-string-regexp/-/escape-string-regexp-1.0.5.tgz#1b61c0562190a8dff6ae3bb2cf0200ca130b86d4"

execa@^0.7.0:
  version "0.7.0"
  resolved "https://registry.yarnpkg.com/execa/-/execa-0.7.0.tgz#944becd34cc41ee32a63a9faf27ad5a65fc59777"
  dependencies:
    cross-spawn "^5.0.1"
    get-stream "^3.0.0"
    is-stream "^1.1.0"
    npm-run-path "^2.0.0"
    p-finally "^1.0.0"
    signal-exit "^3.0.0"
    strip-eof "^1.0.0"

external-editor@^2.1.0:
  version "2.2.0"
  resolved "https://registry.yarnpkg.com/external-editor/-/external-editor-2.2.0.tgz#045511cfd8d133f3846673d1047c154e214ad3d5"
  dependencies:
    chardet "^0.4.0"
    iconv-lite "^0.4.17"
    tmp "^0.0.33"

figures@^2.0.0:
  version "2.0.0"
  resolved "https://registry.yarnpkg.com/figures/-/figures-2.0.0.tgz#3ab1a2d2a62c8bfb431a0c94cb797a2fce27c962"
  dependencies:
    escape-string-regexp "^1.0.5"

get-stream@^3.0.0:
  version "3.0.0"
  resolved "https://registry.yarnpkg.com/get-stream/-/get-stream-3.0.0.tgz#8e943d1358dc37555054ecbe2edb05aa174ede14"

gradient-string@^1.1.0:
  version "1.1.0"
  resolved "https://registry.yarnpkg.com/gradient-string/-/gradient-string-1.1.0.tgz#3a4948ca7fd8f7396a8f1957918821b9a11112c0"
  dependencies:
    chalk "^2.3.2"
    tinygradient "^0.3.1"

has-flag@^3.0.0:
  version "3.0.0"
  resolved "https://registry.yarnpkg.com/has-flag/-/has-flag-3.0.0.tgz#b5d454dc2199ae225699f3467e5a07f3b955bafd"

httpntlm@1.6.1:
  version "1.6.1"
  resolved "https://registry.yarnpkg.com/httpntlm/-/httpntlm-1.6.1.tgz#ad01527143a2e8773cfae6a96f58656bb52a34b2"
  dependencies:
    httpreq ">=0.4.22"
    underscore "~1.7.0"

httpreq@>=0.4.22:
  version "0.4.24"
  resolved "https://registry.yarnpkg.com/httpreq/-/httpreq-0.4.24.tgz#4335ffd82cd969668a39465c929ac61d6393627f"

iconv-lite@^0.4.17:
  version "0.4.21"
  resolved "https://registry.yarnpkg.com/iconv-lite/-/iconv-lite-0.4.21.tgz#c47f8733d02171189ebc4a400f3218d348094798"
  dependencies:
    safer-buffer "^2.1.0"

inquirer@^5.2.0:
  version "5.2.0"
  resolved "https://registry.yarnpkg.com/inquirer/-/inquirer-5.2.0.tgz#db350c2b73daca77ff1243962e9f22f099685726"
  dependencies:
    ansi-escapes "^3.0.0"
    chalk "^2.0.0"
    cli-cursor "^2.1.0"
    cli-width "^2.0.0"
    external-editor "^2.1.0"
    figures "^2.0.0"
    lodash "^4.3.0"
    mute-stream "0.0.7"
    run-async "^2.2.0"
    rxjs "^5.5.2"
    string-width "^2.1.0"
    strip-ansi "^4.0.0"
    through "^2.3.6"

is-fullwidth-code-point@^2.0.0:
  version "2.0.0"
  resolved "https://registry.yarnpkg.com/is-fullwidth-code-point/-/is-fullwidth-code-point-2.0.0.tgz#a3b30a5c4f199183167aaab93beefae3ddfb654f"

is-promise@^2.1.0:
  version "2.1.0"
  resolved "https://registry.yarnpkg.com/is-promise/-/is-promise-2.1.0.tgz#79a2a9ece7f096e80f36d2b2f3bc16c1ff4bf3fa"

is-stream@^1.1.0:
  version "1.1.0"
  resolved "https://registry.yarnpkg.com/is-stream/-/is-stream-1.1.0.tgz#12d4a3dd4e68e0b79ceb8dbc84173ae80d91ca44"

isexe@^2.0.0:
  version "2.0.0"
  resolved "https://registry.yarnpkg.com/isexe/-/isexe-2.0.0.tgz#e8fbf374dc556ff8947a10dcb0572d633f2cfa10"

lodash@^4.17.5, lodash@^4.3.0:
  version "4.17.5"
  resolved "https://registry.yarnpkg.com/lodash/-/lodash-4.17.5.tgz#99a92d65c0272debe8c96b6057bc8fbfa3bed511"

log-symbols@^2.2.0:
  version "2.2.0"
  resolved "https://registry.yarnpkg.com/log-symbols/-/log-symbols-2.2.0.tgz#5740e1c5d6f0dfda4ad9323b5332107ef6b4c40a"
  dependencies:
    chalk "^2.0.1"

lru-cache@^4.0.1:
  version "4.1.2"
  resolved "https://registry.yarnpkg.com/lru-cache/-/lru-cache-4.1.2.tgz#45234b2e6e2f2b33da125624c4664929a0224c3f"
  dependencies:
    pseudomap "^1.0.2"
    yallist "^2.1.2"

mimic-fn@^1.0.0:
  version "1.2.0"
  resolved "https://registry.yarnpkg.com/mimic-fn/-/mimic-fn-1.2.0.tgz#820c86a39334640e99516928bd03fca88057d022"

minimist@^1.2.0:
  version "1.2.0"
  resolved "https://registry.yarnpkg.com/minimist/-/minimist-1.2.0.tgz#a35008b20f41383eec1fb914f4cd5df79a264284"

mute-stream@0.0.7:
  version "0.0.7"
  resolved "https://registry.yarnpkg.com/mute-stream/-/mute-stream-0.0.7.tgz#3075ce93bc21b8fab43e1bc4da7e8115ed1e7bab"

nodemailer-fetch@1.6.0:
  version "1.6.0"
  resolved "https://registry.yarnpkg.com/nodemailer-fetch/-/nodemailer-fetch-1.6.0.tgz#79c4908a1c0f5f375b73fe888da9828f6dc963a4"

nodemailer-shared@1.1.0:
  version "1.1.0"
  resolved "https://registry.yarnpkg.com/nodemailer-shared/-/nodemailer-shared-1.1.0.tgz#cf5994e2fd268d00f5cf0fa767a08169edb07ec0"
  dependencies:
    nodemailer-fetch "1.6.0"

nodemailer-smtp-transport@^2.7.4:
  version "2.7.4"
  resolved "https://registry.yarnpkg.com/nodemailer-smtp-transport/-/nodemailer-smtp-transport-2.7.4.tgz#0d89af019a144a480fd8ecc99997d9f838f13685"
  dependencies:
    nodemailer-shared "1.1.0"
    nodemailer-wellknown "0.1.10"
    smtp-connection "2.12.0"

nodemailer-wellknown@0.1.10:
  version "0.1.10"
  resolved "https://registry.yarnpkg.com/nodemailer-wellknown/-/nodemailer-wellknown-0.1.10.tgz#586db8101db30cb4438eb546737a41aad0cf13d5"

nodemailer@^4.6.4:
  version "4.6.4"
  resolved "https://registry.yarnpkg.com/nodemailer/-/nodemailer-4.6.4.tgz#f0d72d0c6a6ec5f4369fa8f4bf5127a31baa2014"

npm-run-path@^2.0.0:
  version "2.0.2"
  resolved "https://registry.yarnpkg.com/npm-run-path/-/npm-run-path-2.0.2.tgz#35a9232dfa35d7067b4cb2ddf2357b1871536c5f"
  dependencies:
    path-key "^2.0.0"

onetime@^2.0.0:
  version "2.0.1"
  resolved "https://registry.yarnpkg.com/onetime/-/onetime-2.0.1.tgz#067428230fd67443b2794b22bba528b6867962d4"
  dependencies:
    mimic-fn "^1.0.0"

ora@^2.0.0:
  version "2.0.0"
  resolved "https://registry.yarnpkg.com/ora/-/ora-2.0.0.tgz#8ec3a37fa7bffb54a3a0c188a1f6798e7e1827cd"
  dependencies:
    chalk "^2.3.1"
    cli-cursor "^2.1.0"
    cli-spinners "^1.1.0"
    log-symbols "^2.2.0"
    strip-ansi "^4.0.0"
    wcwidth "^1.0.1"

os-tmpdir@~1.0.2:
  version "1.0.2"
  resolved "https://registry.yarnpkg.com/os-tmpdir/-/os-tmpdir-1.0.2.tgz#bbe67406c79aa85c5cfec766fe5734555dfa1274"

p-finally@^1.0.0:
  version "1.0.0"
  resolved "https://registry.yarnpkg.com/p-finally/-/p-finally-1.0.0.tgz#3fbcfb15b899a44123b34b6dcc18b724336a2cae"

path-key@^2.0.0:
  version "2.0.1"
  resolved "https://registry.yarnpkg.com/path-key/-/path-key-2.0.1.tgz#411cadb574c5a140d3a4b1910d40d80cc9f40b40"

pseudomap@^1.0.2:
  version "1.0.2"
  resolved "https://registry.yarnpkg.com/pseudomap/-/pseudomap-1.0.2.tgz#f052a28da70e618917ef0a8ac34c1ae5a68286b3"

restore-cursor@^2.0.0:
  version "2.0.0"
  resolved "https://registry.yarnpkg.com/restore-cursor/-/restore-cursor-2.0.0.tgz#9f7ee287f82fd326d4fd162923d62129eee0dfaf"
  dependencies:
    onetime "^2.0.0"
    signal-exit "^3.0.2"

run-async@^2.2.0:
  version "2.3.0"
  resolved "https://registry.yarnpkg.com/run-async/-/run-async-2.3.0.tgz#0371ab4ae0bdd720d4166d7dfda64ff7a445a6c0"
  dependencies:
    is-promise "^2.1.0"

rxjs@^5.5.2:
  version "5.5.10"
  resolved "https://registry.yarnpkg.com/rxjs/-/rxjs-5.5.10.tgz#fde02d7a614f6c8683d0d1957827f492e09db045"
  dependencies:
    symbol-observable "1.0.1"

safer-buffer@^2.1.0:
  version "2.1.2"
  resolved "https://registry.yarnpkg.com/safer-buffer/-/safer-buffer-2.1.2.tgz#44fa161b0187b9549dd84bb91802f9bd8385cd6a"

shebang-command@^1.2.0:
  version "1.2.0"
  resolved "https://registry.yarnpkg.com/shebang-command/-/shebang-command-1.2.0.tgz#44aac65b695b03398968c39f363fee5deafdf1ea"
  dependencies:
    shebang-regex "^1.0.0"

shebang-regex@^1.0.0:
  version "1.0.0"
  resolved "https://registry.yarnpkg.com/shebang-regex/-/shebang-regex-1.0.0.tgz#da42f49740c0b42db2ca9728571cb190c98efea3"

signal-exit@^3.0.0, signal-exit@^3.0.2:
  version "3.0.2"
  resolved "https://registry.yarnpkg.com/signal-exit/-/signal-exit-3.0.2.tgz#b5fdc08f1287ea1178628e415e25132b73646c6d"

smtp-connection@2.12.0:
  version "2.12.0"
  resolved "https://registry.yarnpkg.com/smtp-connection/-/smtp-connection-2.12.0.tgz#d76ef9127cb23c2259edb1e8349c2e8d5e2d74c1"
  dependencies:
    httpntlm "1.6.1"
    nodemailer-shared "1.1.0"

string-width@^2.0.0, string-width@^2.1.0, string-width@^2.1.1:
  version "2.1.1"
  resolved "https://registry.yarnpkg.com/string-width/-/string-width-2.1.1.tgz#ab93f27a8dc13d28cac815c462143a6d9012ae9e"
  dependencies:
    is-fullwidth-code-point "^2.0.0"
    strip-ansi "^4.0.0"

strip-ansi@^4.0.0:
  version "4.0.0"
  resolved "https://registry.yarnpkg.com/strip-ansi/-/strip-ansi-4.0.0.tgz#a8479022eb1ac368a871389b635262c505ee368f"
  dependencies:
    ansi-regex "^3.0.0"

strip-eof@^1.0.0:
  version "1.0.0"
  resolved "https://registry.yarnpkg.com/strip-eof/-/strip-eof-1.0.0.tgz#bb43ff5598a6eb05d89b59fcd129c983313606bf"

supports-color@^5.3.0:
  version "5.3.0"
  resolved "https://registry.yarnpkg.com/supports-color/-/supports-color-5.3.0.tgz#5b24ac15db80fa927cf5227a4a33fd3c4c7676c0"
  dependencies:
    has-flag "^3.0.0"

symbol-observable@1.0.1:
  version "1.0.1"
  resolved "https://registry.yarnpkg.com/symbol-observable/-/symbol-observable-1.0.1.tgz#8340fc4702c3122df5d22288f88283f513d3fdd4"

term-size@^1.2.0:
  version "1.2.0"
  resolved "https://registry.yarnpkg.com/term-size/-/term-size-1.2.0.tgz#458b83887f288fc56d6fffbfad262e26638efa69"
  dependencies:
    execa "^0.7.0"

through@^2.3.6:
  version "2.3.8"
  resolved "https://registry.yarnpkg.com/through/-/through-2.3.8.tgz#0dd4c9ffaabc357960b1b724115d7e0e86a2e1f5"

tinycolor2@^1.0.0:
  version "1.4.1"
  resolved "https://registry.yarnpkg.com/tinycolor2/-/tinycolor2-1.4.1.tgz#f4fad333447bc0b07d4dc8e9209d8f39a8ac77e8"

tinygradient@^0.3.1:
  version "0.3.1"
  resolved "https://registry.yarnpkg.com/tinygradient/-/tinygradient-0.3.1.tgz#2d9e4fbe348c497ed11e287a4336835b3fd11022"
  dependencies:
    tinycolor2 "^1.0.0"

tmp@^0.0.33:
  version "0.0.33"
  resolved "https://registry.yarnpkg.com/tmp/-/tmp-0.0.33.tgz#6d34335889768d21b2bcda0aa277ced3b1bfadf9"
  dependencies:
    os-tmpdir "~1.0.2"

underscore@~1.7.0:
  version "1.7.0"
  resolved "https://registry.yarnpkg.com/underscore/-/underscore-1.7.0.tgz#6bbaf0877500d36be34ecaa584e0db9fef035209"

wcwidth@^1.0.1:
  version "1.0.1"
  resolved "https://registry.yarnpkg.com/wcwidth/-/wcwidth-1.0.1.tgz#f0b0dcf915bc5ff1528afadb2c0e17b532da2fe8"
  dependencies:
    defaults "^1.0.3"

which@^1.2.9:
  version "1.3.0"
  resolved "https://registry.yarnpkg.com/which/-/which-1.3.0.tgz#ff04bdfc010ee547d780bec38e1ac1c2777d253a"
  dependencies:
    isexe "^2.0.0"

widest-line@^2.0.0:
  version "2.0.0"
  resolved "https://registry.yarnpkg.com/widest-line/-/widest-line-2.0.0.tgz#0142a4e8a243f8882c0233aa0e0281aa76152273"
  dependencies:
    string-width "^2.1.1"

yallist@^2.1.2:
  version "2.1.2"
  resolved "https://registry.yarnpkg.com/yallist/-/yallist-2.1.2.tgz#1c11f9218f076089a47dd512f93c6699a6a81d52"
